// !$*UTF8*$!
{
	archiveVersion = 1;
	classes = {
	};
	objectVersion = 56;
	objects = {

/* Begin PBXBuildFile section */
		5D32C8B929FFDEB100DFB2C5 /* Knok42.swift in Sources */ = {isa = PBXBuildFile; fileRef = 5D32C8B829FFDEB100DFB2C5 /* Knok42.swift */; };
		5D32C8BB29FFE7AE00DFB2C5 /* Knok43.swift in Sources */ = {isa = PBXBuildFile; fileRef = 5D32C8BA29FFE7AE00DFB2C5 /* Knok43.swift */; };
		5D32C8BD29FFEBCE00DFB2C5 /* Knok46.swift in Sources */ = {isa = PBXBuildFile; fileRef = 5D32C8BC29FFEBCE00DFB2C5 /* Knok46.swift */; };
		5D32C8BF29FFF20F00DFB2C5 /* Knok47.swift in Sources */ = {isa = PBXBuildFile; fileRef = 5D32C8BE29FFF20F00DFB2C5 /* Knok47.swift */; };
		5D32C8C129FFF3DE00DFB2C5 /* Knok48.swift in Sources */ = {isa = PBXBuildFile; fileRef = 5D32C8C029FFF3DE00DFB2C5 /* Knok48.swift */; };
		5D32C8C329FFF74100DFB2C5 /* Knok49.swift in Sources */ = {isa = PBXBuildFile; fileRef = 5D32C8C229FFF74100DFB2C5 /* Knok49.swift */; };
		5D32C8C529FFF95C00DFB2C5 /* Knok50.swift in Sources */ = {isa = PBXBuildFile; fileRef = 5D32C8C429FFF95C00DFB2C5 /* Knok50.swift */; };
		5D32C8C729FFF96F00DFB2C5 /* Knok44.swift in Sources */ = {isa = PBXBuildFile; fileRef = 5D32C8C629FFF96F00DFB2C5 /* Knok44.swift */; };
		5D32C8C929FFF97A00DFB2C5 /* Knok45.swift in Sources */ = {isa = PBXBuildFile; fileRef = 5D32C8C829FFF97A00DFB2C5 /* Knok45.swift */; };
		5D32C8CB29FFFE5D00DFB2C5 /* Knok51.swift in Sources */ = {isa = PBXBuildFile; fileRef = 5D32C8CA29FFFE5D00DFB2C5 /* Knok51.swift */; };
		5D8C266729F41B62004955D0 /* HundredsKnockForSwiftUIApp.swift in Sources */ = {isa = PBXBuildFile; fileRef = 5D8C266629F41B62004955D0 /* HundredsKnockForSwiftUIApp.swift */; };
		5D8C266B29F41B63004955D0 /* Assets.xcassets in Resources */ = {isa = PBXBuildFile; fileRef = 5D8C266A29F41B63004955D0 /* Assets.xcassets */; };
		5D8C266E29F41B63004955D0 /* Preview Assets.xcassets in Resources */ = {isa = PBXBuildFile; fileRef = 5D8C266D29F41B63004955D0 /* Preview Assets.xcassets */; };
		5D8C267829F41B64004955D0 /* HundredsKnockForSwiftUITests.swift in Sources */ = {isa = PBXBuildFile; fileRef = 5D8C267729F41B64004955D0 /* HundredsKnockForSwiftUITests.swift */; };
		5D8C268229F41B64004955D0 /* HundredsKnockForSwiftUIUITests.swift in Sources */ = {isa = PBXBuildFile; fileRef = 5D8C268129F41B64004955D0 /* HundredsKnockForSwiftUIUITests.swift */; };
		5D8C268429F41B64004955D0 /* HundredsKnockForSwiftUIUITestsLaunchTests.swift in Sources */ = {isa = PBXBuildFile; fileRef = 5D8C268329F41B64004955D0 /* HundredsKnockForSwiftUIUITestsLaunchTests.swift */; };
		5D8C269229F41C32004955D0 /* Knok1.swift in Sources */ = {isa = PBXBuildFile; fileRef = 5D8C269129F41C32004955D0 /* Knok1.swift */; };
		5D8C269429F41EDD004955D0 /* Knok2.swift in Sources */ = {isa = PBXBuildFile; fileRef = 5D8C269329F41EDD004955D0 /* Knok2.swift */; };
		5D8C269629F41F73004955D0 /* Knok3.swift in Sources */ = {isa = PBXBuildFile; fileRef = 5D8C269529F41F73004955D0 /* Knok3.swift */; };
		5D8C269829F42101004955D0 /* Knok4.swift in Sources */ = {isa = PBXBuildFile; fileRef = 5D8C269729F42101004955D0 /* Knok4.swift */; };
		5D8C269A29F422D0004955D0 /* Knok5.swift in Sources */ = {isa = PBXBuildFile; fileRef = 5D8C269929F422D0004955D0 /* Knok5.swift */; };
		5D8C269C29F42465004955D0 /* Knok6.swift in Sources */ = {isa = PBXBuildFile; fileRef = 5D8C269B29F42465004955D0 /* Knok6.swift */; };
		5D8C269E29F42627004955D0 /* Knok7.swift in Sources */ = {isa = PBXBuildFile; fileRef = 5D8C269D29F42627004955D0 /* Knok7.swift */; };
		5D8C26A029F42F56004955D0 /* Knok8.swift in Sources */ = {isa = PBXBuildFile; fileRef = 5D8C269F29F42F56004955D0 /* Knok8.swift */; };
		5D8C26A229F43136004955D0 /* Knok9.swift in Sources */ = {isa = PBXBuildFile; fileRef = 5D8C26A129F43136004955D0 /* Knok9.swift */; };
		5D8C26A429F436FF004955D0 /* Knok10.swift in Sources */ = {isa = PBXBuildFile; fileRef = 5D8C26A329F436FF004955D0 /* Knok10.swift */; };
		5D8C26A629F4381E004955D0 /* Knok11.swift in Sources */ = {isa = PBXBuildFile; fileRef = 5D8C26A529F4381E004955D0 /* Knok11.swift */; };
		5D8C26A829F43B0C004955D0 /* Knok12.swift in Sources */ = {isa = PBXBuildFile; fileRef = 5D8C26A729F43B0C004955D0 /* Knok12.swift */; };
		5D8C26AA29F43C6B004955D0 /* Knok13.swift in Sources */ = {isa = PBXBuildFile; fileRef = 5D8C26A929F43C6B004955D0 /* Knok13.swift */; };
		5D8C26AC29F43D3F004955D0 /* Knok14.swift in Sources */ = {isa = PBXBuildFile; fileRef = 5D8C26AB29F43D3F004955D0 /* Knok14.swift */; };
		5D8C26AE29F43EDC004955D0 /* Knok15.swift in Sources */ = {isa = PBXBuildFile; fileRef = 5D8C26AD29F43EDC004955D0 /* Knok15.swift */; };
		5D8C26B029F440BF004955D0 /* Knok16.swift in Sources */ = {isa = PBXBuildFile; fileRef = 5D8C26AF29F440BF004955D0 /* Knok16.swift */; };
		5D8C26B229F492FC004955D0 /* Knok17.swift in Sources */ = {isa = PBXBuildFile; fileRef = 5D8C26B129F492FC004955D0 /* Knok17.swift */; };
		5D8C26B429F4948F004955D0 /* Knok18.swift in Sources */ = {isa = PBXBuildFile; fileRef = 5D8C26B329F4948F004955D0 /* Knok18.swift */; };
		5D8C26B629F4A393004955D0 /* Knok19.swift in Sources */ = {isa = PBXBuildFile; fileRef = 5D8C26B529F4A393004955D0 /* Knok19.swift */; };
		5D8C26B829F4AAAB004955D0 /* Knok20.swift in Sources */ = {isa = PBXBuildFile; fileRef = 5D8C26B729F4AAAB004955D0 /* Knok20.swift */; };
		5D8C26BA29F4AE91004955D0 /* Knok21.swift in Sources */ = {isa = PBXBuildFile; fileRef = 5D8C26B929F4AE91004955D0 /* Knok21.swift */; };
		5D8C26BC29F4B0FF004955D0 /* Knok22.swift in Sources */ = {isa = PBXBuildFile; fileRef = 5D8C26BB29F4B0FF004955D0 /* Knok22.swift */; };
		5D8C26BE29F4B2C2004955D0 /* Knok23.swift in Sources */ = {isa = PBXBuildFile; fileRef = 5D8C26BD29F4B2C2004955D0 /* Knok23.swift */; };
		5D8C26C029F4B51E004955D0 /* Knok24.swift in Sources */ = {isa = PBXBuildFile; fileRef = 5D8C26BF29F4B51E004955D0 /* Knok24.swift */; };
		5D8C26C329F4F49D004955D0 /* View+.swift in Sources */ = {isa = PBXBuildFile; fileRef = 5D8C26C229F4F49D004955D0 /* View+.swift */; };
		5D8C26C629F4F4CD004955D0 /* CustomTextModifier.swift in Sources */ = {isa = PBXBuildFile; fileRef = 5D8C26C529F4F4CD004955D0 /* CustomTextModifier.swift */; };
		5D8C26C829F4F6D1004955D0 /* CustomShadowModifier.swift in Sources */ = {isa = PBXBuildFile; fileRef = 5D8C26C729F4F6D1004955D0 /* CustomShadowModifier.swift */; };
		5D8C26CA29F4F911004955D0 /* Knok25.swift in Sources */ = {isa = PBXBuildFile; fileRef = 5D8C26C929F4F911004955D0 /* Knok25.swift */; };
		5D8C26CC29F50265004955D0 /* Knok26.swift in Sources */ = {isa = PBXBuildFile; fileRef = 5D8C26CB29F50265004955D0 /* Knok26.swift */; };
		5D8C26CE29F50641004955D0 /* Knok27.swift in Sources */ = {isa = PBXBuildFile; fileRef = 5D8C26CD29F50641004955D0 /* Knok27.swift */; };
		5D8C26D029F50A2E004955D0 /* Knok28.swift in Sources */ = {isa = PBXBuildFile; fileRef = 5D8C26CF29F50A2E004955D0 /* Knok28.swift */; };
		5D8C272E29F94ABC004955D0 /* Knok29.swift in Sources */ = {isa = PBXBuildFile; fileRef = 5D8C272D29F94ABC004955D0 /* Knok29.swift */; };
		5D8C273029F94FD7004955D0 /* Knok30.swift in Sources */ = {isa = PBXBuildFile; fileRef = 5D8C272F29F94FD7004955D0 /* Knok30.swift */; };
		5D8C273229F950A3004955D0 /* Knok31.swift in Sources */ = {isa = PBXBuildFile; fileRef = 5D8C273129F950A3004955D0 /* Knok31.swift */; };
		5D8C273429F95129004955D0 /* Knok32.swift in Sources */ = {isa = PBXBuildFile; fileRef = 5D8C273329F95129004955D0 /* Knok32.swift */; };
		5D8C273629F953F0004955D0 /* Knok33.swift in Sources */ = {isa = PBXBuildFile; fileRef = 5D8C273529F953F0004955D0 /* Knok33.swift */; };
		5D8C273829F9557D004955D0 /* Knok34.swift in Sources */ = {isa = PBXBuildFile; fileRef = 5D8C273729F9557D004955D0 /* Knok34.swift */; };
		5D8C273A29F95716004955D0 /* Knok35.swift in Sources */ = {isa = PBXBuildFile; fileRef = 5D8C273929F95716004955D0 /* Knok35.swift */; };
		5D8C273C29F959AD004955D0 /* Knok36.swift in Sources */ = {isa = PBXBuildFile; fileRef = 5D8C273B29F959AD004955D0 /* Knok36.swift */; };
		5D8C273E29F96AC1004955D0 /* Knok37.swift in Sources */ = {isa = PBXBuildFile; fileRef = 5D8C273D29F96AC1004955D0 /* Knok37.swift */; };
		5D8C274029F96CBE004955D0 /* Knok38.swift in Sources */ = {isa = PBXBuildFile; fileRef = 5D8C273F29F96CBE004955D0 /* Knok38.swift */; };
		5D8C274229FA95BA004955D0 /* Knok39.swift in Sources */ = {isa = PBXBuildFile; fileRef = 5D8C274129FA95BA004955D0 /* Knok39.swift */; };
		5D8C278329FFD7AE004955D0 /* Knok40.swift in Sources */ = {isa = PBXBuildFile; fileRef = 5D8C278229FFD7AE004955D0 /* Knok40.swift */; };
/* End PBXBuildFile section */

/* Begin PBXContainerItemProxy section */
		5D8C267429F41B64004955D0 /* PBXContainerItemProxy */ = {
			isa = PBXContainerItemProxy;
			containerPortal = 5D8C265B29F41B62004955D0 /* Project object */;
			proxyType = 1;
			remoteGlobalIDString = 5D8C266229F41B62004955D0;
			remoteInfo = HundredsKnockForSwiftUI;
		};
		5D8C267E29F41B64004955D0 /* PBXContainerItemProxy */ = {
			isa = PBXContainerItemProxy;
			containerPortal = 5D8C265B29F41B62004955D0 /* Project object */;
			proxyType = 1;
			remoteGlobalIDString = 5D8C266229F41B62004955D0;
			remoteInfo = HundredsKnockForSwiftUI;
		};
/* End PBXContainerItemProxy section */

/* Begin PBXFileReference section */
		5D32C8B829FFDEB100DFB2C5 /* Knok42.swift */ = {isa = PBXFileReference; lastKnownFileType = sourcecode.swift; path = Knok42.swift; sourceTree = "<group>"; };
		5D32C8BA29FFE7AE00DFB2C5 /* Knok43.swift */ = {isa = PBXFileReference; lastKnownFileType = sourcecode.swift; path = Knok43.swift; sourceTree = "<group>"; };
		5D32C8BC29FFEBCE00DFB2C5 /* Knok46.swift */ = {isa = PBXFileReference; lastKnownFileType = sourcecode.swift; path = Knok46.swift; sourceTree = "<group>"; };
		5D32C8BE29FFF20F00DFB2C5 /* Knok47.swift */ = {isa = PBXFileReference; lastKnownFileType = sourcecode.swift; path = Knok47.swift; sourceTree = "<group>"; };
		5D32C8C029FFF3DE00DFB2C5 /* Knok48.swift */ = {isa = PBXFileReference; lastKnownFileType = sourcecode.swift; path = Knok48.swift; sourceTree = "<group>"; };
		5D32C8C229FFF74100DFB2C5 /* Knok49.swift */ = {isa = PBXFileReference; lastKnownFileType = sourcecode.swift; path = Knok49.swift; sourceTree = "<group>"; };
		5D32C8C429FFF95C00DFB2C5 /* Knok50.swift */ = {isa = PBXFileReference; lastKnownFileType = sourcecode.swift; path = Knok50.swift; sourceTree = "<group>"; };
		5D32C8C629FFF96F00DFB2C5 /* Knok44.swift */ = {isa = PBXFileReference; lastKnownFileType = sourcecode.swift; path = Knok44.swift; sourceTree = "<group>"; };
		5D32C8C829FFF97A00DFB2C5 /* Knok45.swift */ = {isa = PBXFileReference; lastKnownFileType = sourcecode.swift; path = Knok45.swift; sourceTree = "<group>"; };
		5D32C8CA29FFFE5D00DFB2C5 /* Knok51.swift */ = {isa = PBXFileReference; lastKnownFileType = sourcecode.swift; path = Knok51.swift; sourceTree = "<group>"; };
		5D8C266329F41B62004955D0 /* HundredsKnockForSwiftUI.app */ = {isa = PBXFileReference; explicitFileType = wrapper.application; includeInIndex = 0; path = HundredsKnockForSwiftUI.app; sourceTree = BUILT_PRODUCTS_DIR; };
		5D8C266629F41B62004955D0 /* HundredsKnockForSwiftUIApp.swift */ = {isa = PBXFileReference; lastKnownFileType = sourcecode.swift; path = HundredsKnockForSwiftUIApp.swift; sourceTree = "<group>"; };
		5D8C266A29F41B63004955D0 /* Assets.xcassets */ = {isa = PBXFileReference; lastKnownFileType = folder.assetcatalog; path = Assets.xcassets; sourceTree = "<group>"; };
		5D8C266D29F41B63004955D0 /* Preview Assets.xcassets */ = {isa = PBXFileReference; lastKnownFileType = folder.assetcatalog; path = "Preview Assets.xcassets"; sourceTree = "<group>"; };
		5D8C267329F41B64004955D0 /* HundredsKnockForSwiftUITests.xctest */ = {isa = PBXFileReference; explicitFileType = wrapper.cfbundle; includeInIndex = 0; path = HundredsKnockForSwiftUITests.xctest; sourceTree = BUILT_PRODUCTS_DIR; };
		5D8C267729F41B64004955D0 /* HundredsKnockForSwiftUITests.swift */ = {isa = PBXFileReference; lastKnownFileType = sourcecode.swift; path = HundredsKnockForSwiftUITests.swift; sourceTree = "<group>"; };
		5D8C267D29F41B64004955D0 /* HundredsKnockForSwiftUIUITests.xctest */ = {isa = PBXFileReference; explicitFileType = wrapper.cfbundle; includeInIndex = 0; path = HundredsKnockForSwiftUIUITests.xctest; sourceTree = BUILT_PRODUCTS_DIR; };
		5D8C268129F41B64004955D0 /* HundredsKnockForSwiftUIUITests.swift */ = {isa = PBXFileReference; lastKnownFileType = sourcecode.swift; path = HundredsKnockForSwiftUIUITests.swift; sourceTree = "<group>"; };
		5D8C268329F41B64004955D0 /* HundredsKnockForSwiftUIUITestsLaunchTests.swift */ = {isa = PBXFileReference; lastKnownFileType = sourcecode.swift; path = HundredsKnockForSwiftUIUITestsLaunchTests.swift; sourceTree = "<group>"; };
		5D8C269129F41C32004955D0 /* Knok1.swift */ = {isa = PBXFileReference; lastKnownFileType = sourcecode.swift; path = Knok1.swift; sourceTree = "<group>"; };
		5D8C269329F41EDD004955D0 /* Knok2.swift */ = {isa = PBXFileReference; lastKnownFileType = sourcecode.swift; path = Knok2.swift; sourceTree = "<group>"; };
		5D8C269529F41F73004955D0 /* Knok3.swift */ = {isa = PBXFileReference; lastKnownFileType = sourcecode.swift; path = Knok3.swift; sourceTree = "<group>"; };
		5D8C269729F42101004955D0 /* Knok4.swift */ = {isa = PBXFileReference; lastKnownFileType = sourcecode.swift; path = Knok4.swift; sourceTree = "<group>"; };
		5D8C269929F422D0004955D0 /* Knok5.swift */ = {isa = PBXFileReference; lastKnownFileType = sourcecode.swift; path = Knok5.swift; sourceTree = "<group>"; };
		5D8C269B29F42465004955D0 /* Knok6.swift */ = {isa = PBXFileReference; lastKnownFileType = sourcecode.swift; path = Knok6.swift; sourceTree = "<group>"; };
		5D8C269D29F42627004955D0 /* Knok7.swift */ = {isa = PBXFileReference; lastKnownFileType = sourcecode.swift; path = Knok7.swift; sourceTree = "<group>"; };
		5D8C269F29F42F56004955D0 /* Knok8.swift */ = {isa = PBXFileReference; lastKnownFileType = sourcecode.swift; path = Knok8.swift; sourceTree = "<group>"; };
		5D8C26A129F43136004955D0 /* Knok9.swift */ = {isa = PBXFileReference; lastKnownFileType = sourcecode.swift; path = Knok9.swift; sourceTree = "<group>"; };
		5D8C26A329F436FF004955D0 /* Knok10.swift */ = {isa = PBXFileReference; lastKnownFileType = sourcecode.swift; path = Knok10.swift; sourceTree = "<group>"; };
		5D8C26A529F4381E004955D0 /* Knok11.swift */ = {isa = PBXFileReference; lastKnownFileType = sourcecode.swift; path = Knok11.swift; sourceTree = "<group>"; };
		5D8C26A729F43B0C004955D0 /* Knok12.swift */ = {isa = PBXFileReference; lastKnownFileType = sourcecode.swift; path = Knok12.swift; sourceTree = "<group>"; };
		5D8C26A929F43C6B004955D0 /* Knok13.swift */ = {isa = PBXFileReference; lastKnownFileType = sourcecode.swift; path = Knok13.swift; sourceTree = "<group>"; };
		5D8C26AB29F43D3F004955D0 /* Knok14.swift */ = {isa = PBXFileReference; lastKnownFileType = sourcecode.swift; path = Knok14.swift; sourceTree = "<group>"; };
		5D8C26AD29F43EDC004955D0 /* Knok15.swift */ = {isa = PBXFileReference; lastKnownFileType = sourcecode.swift; path = Knok15.swift; sourceTree = "<group>"; };
		5D8C26AF29F440BF004955D0 /* Knok16.swift */ = {isa = PBXFileReference; lastKnownFileType = sourcecode.swift; path = Knok16.swift; sourceTree = "<group>"; };
		5D8C26B129F492FC004955D0 /* Knok17.swift */ = {isa = PBXFileReference; lastKnownFileType = sourcecode.swift; path = Knok17.swift; sourceTree = "<group>"; };
		5D8C26B329F4948F004955D0 /* Knok18.swift */ = {isa = PBXFileReference; lastKnownFileType = sourcecode.swift; path = Knok18.swift; sourceTree = "<group>"; };
		5D8C26B529F4A393004955D0 /* Knok19.swift */ = {isa = PBXFileReference; lastKnownFileType = sourcecode.swift; path = Knok19.swift; sourceTree = "<group>"; };
		5D8C26B729F4AAAB004955D0 /* Knok20.swift */ = {isa = PBXFileReference; lastKnownFileType = sourcecode.swift; path = Knok20.swift; sourceTree = "<group>"; };
		5D8C26B929F4AE91004955D0 /* Knok21.swift */ = {isa = PBXFileReference; lastKnownFileType = sourcecode.swift; path = Knok21.swift; sourceTree = "<group>"; };
		5D8C26BB29F4B0FF004955D0 /* Knok22.swift */ = {isa = PBXFileReference; lastKnownFileType = sourcecode.swift; path = Knok22.swift; sourceTree = "<group>"; };
		5D8C26BD29F4B2C2004955D0 /* Knok23.swift */ = {isa = PBXFileReference; lastKnownFileType = sourcecode.swift; path = Knok23.swift; sourceTree = "<group>"; };
		5D8C26BF29F4B51E004955D0 /* Knok24.swift */ = {isa = PBXFileReference; lastKnownFileType = sourcecode.swift; path = Knok24.swift; sourceTree = "<group>"; };
		5D8C26C229F4F49D004955D0 /* View+.swift */ = {isa = PBXFileReference; lastKnownFileType = sourcecode.swift; path = "View+.swift"; sourceTree = "<group>"; };
		5D8C26C529F4F4CD004955D0 /* CustomTextModifier.swift */ = {isa = PBXFileReference; lastKnownFileType = sourcecode.swift; path = CustomTextModifier.swift; sourceTree = "<group>"; };
		5D8C26C729F4F6D1004955D0 /* CustomShadowModifier.swift */ = {isa = PBXFileReference; lastKnownFileType = sourcecode.swift; path = CustomShadowModifier.swift; sourceTree = "<group>"; };
		5D8C26C929F4F911004955D0 /* Knok25.swift */ = {isa = PBXFileReference; lastKnownFileType = sourcecode.swift; path = Knok25.swift; sourceTree = "<group>"; };
		5D8C26CB29F50265004955D0 /* Knok26.swift */ = {isa = PBXFileReference; lastKnownFileType = sourcecode.swift; path = Knok26.swift; sourceTree = "<group>"; };
		5D8C26CD29F50641004955D0 /* Knok27.swift */ = {isa = PBXFileReference; lastKnownFileType = sourcecode.swift; path = Knok27.swift; sourceTree = "<group>"; };
		5D8C26CF29F50A2E004955D0 /* Knok28.swift */ = {isa = PBXFileReference; lastKnownFileType = sourcecode.swift; path = Knok28.swift; sourceTree = "<group>"; };
		5D8C272D29F94ABC004955D0 /* Knok29.swift */ = {isa = PBXFileReference; lastKnownFileType = sourcecode.swift; path = Knok29.swift; sourceTree = "<group>"; };
		5D8C272F29F94FD7004955D0 /* Knok30.swift */ = {isa = PBXFileReference; lastKnownFileType = sourcecode.swift; path = Knok30.swift; sourceTree = "<group>"; };
		5D8C273129F950A3004955D0 /* Knok31.swift */ = {isa = PBXFileReference; lastKnownFileType = sourcecode.swift; path = Knok31.swift; sourceTree = "<group>"; };
		5D8C273329F95129004955D0 /* Knok32.swift */ = {isa = PBXFileReference; lastKnownFileType = sourcecode.swift; path = Knok32.swift; sourceTree = "<group>"; };
		5D8C273529F953F0004955D0 /* Knok33.swift */ = {isa = PBXFileReference; lastKnownFileType = sourcecode.swift; path = Knok33.swift; sourceTree = "<group>"; };
		5D8C273729F9557D004955D0 /* Knok34.swift */ = {isa = PBXFileReference; lastKnownFileType = sourcecode.swift; path = Knok34.swift; sourceTree = "<group>"; };
		5D8C273929F95716004955D0 /* Knok35.swift */ = {isa = PBXFileReference; lastKnownFileType = sourcecode.swift; path = Knok35.swift; sourceTree = "<group>"; };
		5D8C273B29F959AD004955D0 /* Knok36.swift */ = {isa = PBXFileReference; lastKnownFileType = sourcecode.swift; path = Knok36.swift; sourceTree = "<group>"; };
		5D8C273D29F96AC1004955D0 /* Knok37.swift */ = {isa = PBXFileReference; lastKnownFileType = sourcecode.swift; path = Knok37.swift; sourceTree = "<group>"; };
		5D8C273F29F96CBE004955D0 /* Knok38.swift */ = {isa = PBXFileReference; lastKnownFileType = sourcecode.swift; path = Knok38.swift; sourceTree = "<group>"; };
		5D8C274129FA95BA004955D0 /* Knok39.swift */ = {isa = PBXFileReference; lastKnownFileType = sourcecode.swift; path = Knok39.swift; sourceTree = "<group>"; };
		5D8C278229FFD7AE004955D0 /* Knok40.swift */ = {isa = PBXFileReference; lastKnownFileType = sourcecode.swift; path = Knok40.swift; sourceTree = "<group>"; };
/* End PBXFileReference section */

/* Begin PBXFrameworksBuildPhase section */
		5D8C266029F41B62004955D0 /* Frameworks */ = {
			isa = PBXFrameworksBuildPhase;
			buildActionMask = 2147483647;
			files = (
			);
			runOnlyForDeploymentPostprocessing = 0;
		};
		5D8C267029F41B64004955D0 /* Frameworks */ = {
			isa = PBXFrameworksBuildPhase;
			buildActionMask = 2147483647;
			files = (
			);
			runOnlyForDeploymentPostprocessing = 0;
		};
		5D8C267A29F41B64004955D0 /* Frameworks */ = {
			isa = PBXFrameworksBuildPhase;
			buildActionMask = 2147483647;
			files = (
			);
			runOnlyForDeploymentPostprocessing = 0;
		};
/* End PBXFrameworksBuildPhase section */

/* Begin PBXGroup section */
		5D8C265A29F41B62004955D0 = {
			isa = PBXGroup;
			children = (
				5D8C266529F41B62004955D0 /* HundredsKnockForSwiftUI */,
				5D8C267629F41B64004955D0 /* HundredsKnockForSwiftUITests */,
				5D8C268029F41B64004955D0 /* HundredsKnockForSwiftUIUITests */,
				5D8C266429F41B62004955D0 /* Products */,
			);
			sourceTree = "<group>";
		};
		5D8C266429F41B62004955D0 /* Products */ = {
			isa = PBXGroup;
			children = (
				5D8C266329F41B62004955D0 /* HundredsKnockForSwiftUI.app */,
				5D8C267329F41B64004955D0 /* HundredsKnockForSwiftUITests.xctest */,
				5D8C267D29F41B64004955D0 /* HundredsKnockForSwiftUIUITests.xctest */,
			);
			name = Products;
			sourceTree = "<group>";
		};
		5D8C266529F41B62004955D0 /* HundredsKnockForSwiftUI */ = {
			isa = PBXGroup;
			children = (
				5D8C26C429F4F4BA004955D0 /* Utils */,
				5D8C26C129F4F485004955D0 /* Extentions */,
				5D8C269029F41C0B004955D0 /* Knoks */,
				5D8C266629F41B62004955D0 /* HundredsKnockForSwiftUIApp.swift */,
				5D8C266A29F41B63004955D0 /* Assets.xcassets */,
				5D8C266C29F41B63004955D0 /* Preview Content */,
			);
			path = HundredsKnockForSwiftUI;
			sourceTree = "<group>";
		};
		5D8C266C29F41B63004955D0 /* Preview Content */ = {
			isa = PBXGroup;
			children = (
				5D8C266D29F41B63004955D0 /* Preview Assets.xcassets */,
			);
			path = "Preview Content";
			sourceTree = "<group>";
		};
		5D8C267629F41B64004955D0 /* HundredsKnockForSwiftUITests */ = {
			isa = PBXGroup;
			children = (
				5D8C267729F41B64004955D0 /* HundredsKnockForSwiftUITests.swift */,
			);
			path = HundredsKnockForSwiftUITests;
			sourceTree = "<group>";
		};
		5D8C268029F41B64004955D0 /* HundredsKnockForSwiftUIUITests */ = {
			isa = PBXGroup;
			children = (
				5D8C268129F41B64004955D0 /* HundredsKnockForSwiftUIUITests.swift */,
				5D8C268329F41B64004955D0 /* HundredsKnockForSwiftUIUITestsLaunchTests.swift */,
			);
			path = HundredsKnockForSwiftUIUITests;
			sourceTree = "<group>";
		};
		5D8C269029F41C0B004955D0 /* Knoks */ = {
			isa = PBXGroup;
			children = (
				5D8C269129F41C32004955D0 /* Knok1.swift */,
				5D8C269329F41EDD004955D0 /* Knok2.swift */,
				5D8C269529F41F73004955D0 /* Knok3.swift */,
				5D8C269729F42101004955D0 /* Knok4.swift */,
				5D8C269929F422D0004955D0 /* Knok5.swift */,
				5D8C269B29F42465004955D0 /* Knok6.swift */,
				5D8C269D29F42627004955D0 /* Knok7.swift */,
				5D8C269F29F42F56004955D0 /* Knok8.swift */,
				5D8C26A129F43136004955D0 /* Knok9.swift */,
				5D8C26A329F436FF004955D0 /* Knok10.swift */,
				5D8C26A529F4381E004955D0 /* Knok11.swift */,
				5D8C26A729F43B0C004955D0 /* Knok12.swift */,
				5D8C26A929F43C6B004955D0 /* Knok13.swift */,
				5D8C26AB29F43D3F004955D0 /* Knok14.swift */,
				5D8C26AD29F43EDC004955D0 /* Knok15.swift */,
				5D8C26AF29F440BF004955D0 /* Knok16.swift */,
				5D8C26B129F492FC004955D0 /* Knok17.swift */,
				5D8C26B329F4948F004955D0 /* Knok18.swift */,
				5D8C26B529F4A393004955D0 /* Knok19.swift */,
				5D8C26B729F4AAAB004955D0 /* Knok20.swift */,
				5D8C26B929F4AE91004955D0 /* Knok21.swift */,
				5D8C26BB29F4B0FF004955D0 /* Knok22.swift */,
				5D8C26BD29F4B2C2004955D0 /* Knok23.swift */,
				5D8C26BF29F4B51E004955D0 /* Knok24.swift */,
				5D8C26C929F4F911004955D0 /* Knok25.swift */,
				5D8C26CB29F50265004955D0 /* Knok26.swift */,
				5D8C26CD29F50641004955D0 /* Knok27.swift */,
				5D8C26CF29F50A2E004955D0 /* Knok28.swift */,
				5D8C272D29F94ABC004955D0 /* Knok29.swift */,
				5D8C272F29F94FD7004955D0 /* Knok30.swift */,
				5D8C273129F950A3004955D0 /* Knok31.swift */,
				5D8C273329F95129004955D0 /* Knok32.swift */,
				5D8C273529F953F0004955D0 /* Knok33.swift */,
				5D8C273729F9557D004955D0 /* Knok34.swift */,
				5D8C273929F95716004955D0 /* Knok35.swift */,
				5D8C273B29F959AD004955D0 /* Knok36.swift */,
				5D8C273D29F96AC1004955D0 /* Knok37.swift */,
				5D8C273F29F96CBE004955D0 /* Knok38.swift */,
				5D8C274129FA95BA004955D0 /* Knok39.swift */,
				5D8C278229FFD7AE004955D0 /* Knok40.swift */,
				5D32C8B829FFDEB100DFB2C5 /* Knok42.swift */,
				5D32C8BA29FFE7AE00DFB2C5 /* Knok43.swift */,
				5D32C8C629FFF96F00DFB2C5 /* Knok44.swift */,
				5D32C8C829FFF97A00DFB2C5 /* Knok45.swift */,
				5D32C8BC29FFEBCE00DFB2C5 /* Knok46.swift */,
				5D32C8BE29FFF20F00DFB2C5 /* Knok47.swift */,
				5D32C8C029FFF3DE00DFB2C5 /* Knok48.swift */,
				5D32C8C229FFF74100DFB2C5 /* Knok49.swift */,
				5D32C8C429FFF95C00DFB2C5 /* Knok50.swift */,
				5D32C8CA29FFFE5D00DFB2C5 /* Knok51.swift */,
			);
			path = Knoks;
			sourceTree = "<group>";
		};
		5D8C26C129F4F485004955D0 /* Extentions */ = {
			isa = PBXGroup;
			children = (
				5D8C26C229F4F49D004955D0 /* View+.swift */,
			);
			path = Extentions;
			sourceTree = "<group>";
		};
		5D8C26C429F4F4BA004955D0 /* Utils */ = {
			isa = PBXGroup;
			children = (
				5D8C26C529F4F4CD004955D0 /* CustomTextModifier.swift */,
				5D8C26C729F4F6D1004955D0 /* CustomShadowModifier.swift */,
			);
			path = Utils;
			sourceTree = "<group>";
		};
/* End PBXGroup section */

/* Begin PBXNativeTarget section */
		5D8C266229F41B62004955D0 /* HundredsKnockForSwiftUI */ = {
			isa = PBXNativeTarget;
			buildConfigurationList = 5D8C268729F41B64004955D0 /* Build configuration list for PBXNativeTarget "HundredsKnockForSwiftUI" */;
			buildPhases = (
				5D8C265F29F41B62004955D0 /* Sources */,
				5D8C266029F41B62004955D0 /* Frameworks */,
				5D8C266129F41B62004955D0 /* Resources */,
			);
			buildRules = (
			);
			dependencies = (
			);
			name = HundredsKnockForSwiftUI;
			productName = HundredsKnockForSwiftUI;
			productReference = 5D8C266329F41B62004955D0 /* HundredsKnockForSwiftUI.app */;
			productType = "com.apple.product-type.application";
		};
		5D8C267229F41B64004955D0 /* HundredsKnockForSwiftUITests */ = {
			isa = PBXNativeTarget;
			buildConfigurationList = 5D8C268A29F41B64004955D0 /* Build configuration list for PBXNativeTarget "HundredsKnockForSwiftUITests" */;
			buildPhases = (
				5D8C266F29F41B64004955D0 /* Sources */,
				5D8C267029F41B64004955D0 /* Frameworks */,
				5D8C267129F41B64004955D0 /* Resources */,
			);
			buildRules = (
			);
			dependencies = (
				5D8C267529F41B64004955D0 /* PBXTargetDependency */,
			);
			name = HundredsKnockForSwiftUITests;
			productName = HundredsKnockForSwiftUITests;
			productReference = 5D8C267329F41B64004955D0 /* HundredsKnockForSwiftUITests.xctest */;
			productType = "com.apple.product-type.bundle.unit-test";
		};
		5D8C267C29F41B64004955D0 /* HundredsKnockForSwiftUIUITests */ = {
			isa = PBXNativeTarget;
			buildConfigurationList = 5D8C268D29F41B64004955D0 /* Build configuration list for PBXNativeTarget "HundredsKnockForSwiftUIUITests" */;
			buildPhases = (
				5D8C267929F41B64004955D0 /* Sources */,
				5D8C267A29F41B64004955D0 /* Frameworks */,
				5D8C267B29F41B64004955D0 /* Resources */,
			);
			buildRules = (
			);
			dependencies = (
				5D8C267F29F41B64004955D0 /* PBXTargetDependency */,
			);
			name = HundredsKnockForSwiftUIUITests;
			productName = HundredsKnockForSwiftUIUITests;
			productReference = 5D8C267D29F41B64004955D0 /* HundredsKnockForSwiftUIUITests.xctest */;
			productType = "com.apple.product-type.bundle.ui-testing";
		};
/* End PBXNativeTarget section */

/* Begin PBXProject section */
		5D8C265B29F41B62004955D0 /* Project object */ = {
			isa = PBXProject;
			attributes = {
				BuildIndependentTargetsInParallel = 1;
				LastSwiftUpdateCheck = 1400;
				LastUpgradeCheck = 1400;
				TargetAttributes = {
					5D8C266229F41B62004955D0 = {
						CreatedOnToolsVersion = 14.0;
					};
					5D8C267229F41B64004955D0 = {
						CreatedOnToolsVersion = 14.0;
						TestTargetID = 5D8C266229F41B62004955D0;
					};
					5D8C267C29F41B64004955D0 = {
						CreatedOnToolsVersion = 14.0;
						TestTargetID = 5D8C266229F41B62004955D0;
					};
				};
			};
			buildConfigurationList = 5D8C265E29F41B62004955D0 /* Build configuration list for PBXProject "HundredsKnockForSwiftUI" */;
			compatibilityVersion = "Xcode 14.0";
			developmentRegion = en;
			hasScannedForEncodings = 0;
			knownRegions = (
				en,
				Base,
			);
			mainGroup = 5D8C265A29F41B62004955D0;
			productRefGroup = 5D8C266429F41B62004955D0 /* Products */;
			projectDirPath = "";
			projectRoot = "";
			targets = (
				5D8C266229F41B62004955D0 /* HundredsKnockForSwiftUI */,
				5D8C267229F41B64004955D0 /* HundredsKnockForSwiftUITests */,
				5D8C267C29F41B64004955D0 /* HundredsKnockForSwiftUIUITests */,
			);
		};
/* End PBXProject section */

/* Begin PBXResourcesBuildPhase section */
		5D8C266129F41B62004955D0 /* Resources */ = {
			isa = PBXResourcesBuildPhase;
			buildActionMask = 2147483647;
			files = (
				5D8C266E29F41B63004955D0 /* Preview Assets.xcassets in Resources */,
				5D8C266B29F41B63004955D0 /* Assets.xcassets in Resources */,
			);
			runOnlyForDeploymentPostprocessing = 0;
		};
		5D8C267129F41B64004955D0 /* Resources */ = {
			isa = PBXResourcesBuildPhase;
			buildActionMask = 2147483647;
			files = (
			);
			runOnlyForDeploymentPostprocessing = 0;
		};
		5D8C267B29F41B64004955D0 /* Resources */ = {
			isa = PBXResourcesBuildPhase;
			buildActionMask = 2147483647;
			files = (
			);
			runOnlyForDeploymentPostprocessing = 0;
		};
/* End PBXResourcesBuildPhase section */

/* Begin PBXSourcesBuildPhase section */
		5D8C265F29F41B62004955D0 /* Sources */ = {
			isa = PBXSourcesBuildPhase;
			buildActionMask = 2147483647;
			files = (
				5D32C8BB29FFE7AE00DFB2C5 /* Knok43.swift in Sources */,
				5D8C26CE29F50641004955D0 /* Knok27.swift in Sources */,
				5D8C26AE29F43EDC004955D0 /* Knok15.swift in Sources */,
				5D8C26C829F4F6D1004955D0 /* CustomShadowModifier.swift in Sources */,
				5D8C273C29F959AD004955D0 /* Knok36.swift in Sources */,
				5D8C273229F950A3004955D0 /* Knok31.swift in Sources */,
				5D8C26B829F4AAAB004955D0 /* Knok20.swift in Sources */,
				5D32C8C129FFF3DE00DFB2C5 /* Knok48.swift in Sources */,
				5D32C8BD29FFEBCE00DFB2C5 /* Knok46.swift in Sources */,
				5D8C26D029F50A2E004955D0 /* Knok28.swift in Sources */,
				5D8C26CA29F4F911004955D0 /* Knok25.swift in Sources */,
				5D8C26C629F4F4CD004955D0 /* CustomTextModifier.swift in Sources */,
				5D8C26AA29F43C6B004955D0 /* Knok13.swift in Sources */,
				5D8C273629F953F0004955D0 /* Knok33.swift in Sources */,
				5D8C26A029F42F56004955D0 /* Knok8.swift in Sources */,
				5D8C269E29F42627004955D0 /* Knok7.swift in Sources */,
				5D8C26B629F4A393004955D0 /* Knok19.swift in Sources */,
				5D8C26BC29F4B0FF004955D0 /* Knok22.swift in Sources */,
				5D8C26BE29F4B2C2004955D0 /* Knok23.swift in Sources */,
				5D32C8C929FFF97A00DFB2C5 /* Knok45.swift in Sources */,
				5D8C274229FA95BA004955D0 /* Knok39.swift in Sources */,
				5D8C26C329F4F49D004955D0 /* View+.swift in Sources */,
				5D8C273E29F96AC1004955D0 /* Knok37.swift in Sources */,
				5D8C269829F42101004955D0 /* Knok4.swift in Sources */,
				5D32C8C329FFF74100DFB2C5 /* Knok49.swift in Sources */,
				5D8C273029F94FD7004955D0 /* Knok30.swift in Sources */,
				5D8C269629F41F73004955D0 /* Knok3.swift in Sources */,
				5D8C273829F9557D004955D0 /* Knok34.swift in Sources */,
				5D8C269229F41C32004955D0 /* Knok1.swift in Sources */,
				5D8C273429F95129004955D0 /* Knok32.swift in Sources */,
				5D8C266729F41B62004955D0 /* HundredsKnockForSwiftUIApp.swift in Sources */,
				5D8C26B229F492FC004955D0 /* Knok17.swift in Sources */,
				5D8C26C029F4B51E004955D0 /* Knok24.swift in Sources */,
				5D32C8B929FFDEB100DFB2C5 /* Knok42.swift in Sources */,
				5D8C26A429F436FF004955D0 /* Knok10.swift in Sources */,
				5D8C269A29F422D0004955D0 /* Knok5.swift in Sources */,
				5D8C26A629F4381E004955D0 /* Knok11.swift in Sources */,
				5D8C26A229F43136004955D0 /* Knok9.swift in Sources */,
				5D8C274029F96CBE004955D0 /* Knok38.swift in Sources */,
				5D8C269429F41EDD004955D0 /* Knok2.swift in Sources */,
				5D32C8BF29FFF20F00DFB2C5 /* Knok47.swift in Sources */,
				5D8C269C29F42465004955D0 /* Knok6.swift in Sources */,
				5D8C26A829F43B0C004955D0 /* Knok12.swift in Sources */,
				5D8C26AC29F43D3F004955D0 /* Knok14.swift in Sources */,
				5D8C272E29F94ABC004955D0 /* Knok29.swift in Sources */,
				5D8C273A29F95716004955D0 /* Knok35.swift in Sources */,
				5D32C8CB29FFFE5D00DFB2C5 /* Knok51.swift in Sources */,
				5D8C26BA29F4AE91004955D0 /* Knok21.swift in Sources */,
				5D8C26B429F4948F004955D0 /* Knok18.swift in Sources */,
				5D8C26CC29F50265004955D0 /* Knok26.swift in Sources */,
				5D8C278329FFD7AE004955D0 /* Knok40.swift in Sources */,
				5D32C8C529FFF95C00DFB2C5 /* Knok50.swift in Sources */,
				5D32C8C729FFF96F00DFB2C5 /* Knok44.swift in Sources */,
				5D8C26B029F440BF004955D0 /* Knok16.swift in Sources */,
			);
			runOnlyForDeploymentPostprocessing = 0;
		};
		5D8C266F29F41B64004955D0 /* Sources */ = {
			isa = PBXSourcesBuildPhase;
			buildActionMask = 2147483647;
			files = (
				5D8C267829F41B64004955D0 /* HundredsKnockForSwiftUITests.swift in Sources */,
			);
			runOnlyForDeploymentPostprocessing = 0;
		};
		5D8C267929F41B64004955D0 /* Sources */ = {
			isa = PBXSourcesBuildPhase;
			buildActionMask = 2147483647;
			files = (
				5D8C268429F41B64004955D0 /* HundredsKnockForSwiftUIUITestsLaunchTests.swift in Sources */,
				5D8C268229F41B64004955D0 /* HundredsKnockForSwiftUIUITests.swift in Sources */,
			);
			runOnlyForDeploymentPostprocessing = 0;
		};
/* End PBXSourcesBuildPhase section */

/* Begin PBXTargetDependency section */
		5D8C267529F41B64004955D0 /* PBXTargetDependency */ = {
			isa = PBXTargetDependency;
			target = 5D8C266229F41B62004955D0 /* HundredsKnockForSwiftUI */;
			targetProxy = 5D8C267429F41B64004955D0 /* PBXContainerItemProxy */;
		};
		5D8C267F29F41B64004955D0 /* PBXTargetDependency */ = {
			isa = PBXTargetDependency;
			target = 5D8C266229F41B62004955D0 /* HundredsKnockForSwiftUI */;
			targetProxy = 5D8C267E29F41B64004955D0 /* PBXContainerItemProxy */;
		};
/* End PBXTargetDependency section */

/* Begin XCBuildConfiguration section */
		5D8C268529F41B64004955D0 /* Debug */ = {
			isa = XCBuildConfiguration;
			buildSettings = {
				ALWAYS_SEARCH_USER_PATHS = NO;
				CLANG_ANALYZER_NONNULL = YES;
				CLANG_ANALYZER_NUMBER_OBJECT_CONVERSION = YES_AGGRESSIVE;
				CLANG_CXX_LANGUAGE_STANDARD = "gnu++20";
				CLANG_ENABLE_MODULES = YES;
				CLANG_ENABLE_OBJC_ARC = YES;
				CLANG_ENABLE_OBJC_WEAK = YES;
				CLANG_WARN_BLOCK_CAPTURE_AUTORELEASING = YES;
				CLANG_WARN_BOOL_CONVERSION = YES;
				CLANG_WARN_COMMA = YES;
				CLANG_WARN_CONSTANT_CONVERSION = YES;
				CLANG_WARN_DEPRECATED_OBJC_IMPLEMENTATIONS = YES;
				CLANG_WARN_DIRECT_OBJC_ISA_USAGE = YES_ERROR;
				CLANG_WARN_DOCUMENTATION_COMMENTS = YES;
				CLANG_WARN_EMPTY_BODY = YES;
				CLANG_WARN_ENUM_CONVERSION = YES;
				CLANG_WARN_INFINITE_RECURSION = YES;
				CLANG_WARN_INT_CONVERSION = YES;
				CLANG_WARN_NON_LITERAL_NULL_CONVERSION = YES;
				CLANG_WARN_OBJC_IMPLICIT_RETAIN_SELF = YES;
				CLANG_WARN_OBJC_LITERAL_CONVERSION = YES;
				CLANG_WARN_OBJC_ROOT_CLASS = YES_ERROR;
				CLANG_WARN_QUOTED_INCLUDE_IN_FRAMEWORK_HEADER = YES;
				CLANG_WARN_RANGE_LOOP_ANALYSIS = YES;
				CLANG_WARN_STRICT_PROTOTYPES = YES;
				CLANG_WARN_SUSPICIOUS_MOVE = YES;
				CLANG_WARN_UNGUARDED_AVAILABILITY = YES_AGGRESSIVE;
				CLANG_WARN_UNREACHABLE_CODE = YES;
				CLANG_WARN__DUPLICATE_METHOD_MATCH = YES;
				COPY_PHASE_STRIP = NO;
				DEBUG_INFORMATION_FORMAT = dwarf;
				ENABLE_STRICT_OBJC_MSGSEND = YES;
				ENABLE_TESTABILITY = YES;
				GCC_C_LANGUAGE_STANDARD = gnu11;
				GCC_DYNAMIC_NO_PIC = NO;
				GCC_NO_COMMON_BLOCKS = YES;
				GCC_OPTIMIZATION_LEVEL = 0;
				GCC_PREPROCESSOR_DEFINITIONS = (
					"DEBUG=1",
					"$(inherited)",
				);
				GCC_WARN_64_TO_32_BIT_CONVERSION = YES;
				GCC_WARN_ABOUT_RETURN_TYPE = YES_ERROR;
				GCC_WARN_UNDECLARED_SELECTOR = YES;
				GCC_WARN_UNINITIALIZED_AUTOS = YES_AGGRESSIVE;
				GCC_WARN_UNUSED_FUNCTION = YES;
				GCC_WARN_UNUSED_VARIABLE = YES;
				IPHONEOS_DEPLOYMENT_TARGET = 16.0;
				MTL_ENABLE_DEBUG_INFO = INCLUDE_SOURCE;
				MTL_FAST_MATH = YES;
				ONLY_ACTIVE_ARCH = YES;
				SDKROOT = iphoneos;
				SWIFT_ACTIVE_COMPILATION_CONDITIONS = DEBUG;
				SWIFT_OPTIMIZATION_LEVEL = "-Onone";
			};
			name = Debug;
		};
		5D8C268629F41B64004955D0 /* Release */ = {
			isa = XCBuildConfiguration;
			buildSettings = {
				ALWAYS_SEARCH_USER_PATHS = NO;
				CLANG_ANALYZER_NONNULL = YES;
				CLANG_ANALYZER_NUMBER_OBJECT_CONVERSION = YES_AGGRESSIVE;
				CLANG_CXX_LANGUAGE_STANDARD = "gnu++20";
				CLANG_ENABLE_MODULES = YES;
				CLANG_ENABLE_OBJC_ARC = YES;
				CLANG_ENABLE_OBJC_WEAK = YES;
				CLANG_WARN_BLOCK_CAPTURE_AUTORELEASING = YES;
				CLANG_WARN_BOOL_CONVERSION = YES;
				CLANG_WARN_COMMA = YES;
				CLANG_WARN_CONSTANT_CONVERSION = YES;
				CLANG_WARN_DEPRECATED_OBJC_IMPLEMENTATIONS = YES;
				CLANG_WARN_DIRECT_OBJC_ISA_USAGE = YES_ERROR;
				CLANG_WARN_DOCUMENTATION_COMMENTS = YES;
				CLANG_WARN_EMPTY_BODY = YES;
				CLANG_WARN_ENUM_CONVERSION = YES;
				CLANG_WARN_INFINITE_RECURSION = YES;
				CLANG_WARN_INT_CONVERSION = YES;
				CLANG_WARN_NON_LITERAL_NULL_CONVERSION = YES;
				CLANG_WARN_OBJC_IMPLICIT_RETAIN_SELF = YES;
				CLANG_WARN_OBJC_LITERAL_CONVERSION = YES;
				CLANG_WARN_OBJC_ROOT_CLASS = YES_ERROR;
				CLANG_WARN_QUOTED_INCLUDE_IN_FRAMEWORK_HEADER = YES;
				CLANG_WARN_RANGE_LOOP_ANALYSIS = YES;
				CLANG_WARN_STRICT_PROTOTYPES = YES;
				CLANG_WARN_SUSPICIOUS_MOVE = YES;
				CLANG_WARN_UNGUARDED_AVAILABILITY = YES_AGGRESSIVE;
				CLANG_WARN_UNREACHABLE_CODE = YES;
				CLANG_WARN__DUPLICATE_METHOD_MATCH = YES;
				COPY_PHASE_STRIP = NO;
				DEBUG_INFORMATION_FORMAT = "dwarf-with-dsym";
				ENABLE_NS_ASSERTIONS = NO;
				ENABLE_STRICT_OBJC_MSGSEND = YES;
				GCC_C_LANGUAGE_STANDARD = gnu11;
				GCC_NO_COMMON_BLOCKS = YES;
				GCC_WARN_64_TO_32_BIT_CONVERSION = YES;
				GCC_WARN_ABOUT_RETURN_TYPE = YES_ERROR;
				GCC_WARN_UNDECLARED_SELECTOR = YES;
				GCC_WARN_UNINITIALIZED_AUTOS = YES_AGGRESSIVE;
				GCC_WARN_UNUSED_FUNCTION = YES;
				GCC_WARN_UNUSED_VARIABLE = YES;
				IPHONEOS_DEPLOYMENT_TARGET = 16.0;
				MTL_ENABLE_DEBUG_INFO = NO;
				MTL_FAST_MATH = YES;
				SDKROOT = iphoneos;
				SWIFT_COMPILATION_MODE = wholemodule;
				SWIFT_OPTIMIZATION_LEVEL = "-O";
				VALIDATE_PRODUCT = YES;
			};
			name = Release;
		};
		5D8C268829F41B64004955D0 /* Debug */ = {
			isa = XCBuildConfiguration;
			buildSettings = {
				ASSETCATALOG_COMPILER_APPICON_NAME = AppIcon;
				ASSETCATALOG_COMPILER_GLOBAL_ACCENT_COLOR_NAME = AccentColor;
				CODE_SIGN_STYLE = Automatic;
				CURRENT_PROJECT_VERSION = 1;
				DEVELOPMENT_ASSET_PATHS = "\"HundredsKnockForSwiftUI/Preview Content\"";
				DEVELOPMENT_TEAM = XP8M87ULF2;
				ENABLE_PREVIEWS = YES;
				GENERATE_INFOPLIST_FILE = YES;
				INFOPLIST_KEY_UIApplicationSceneManifest_Generation = YES;
				INFOPLIST_KEY_UIApplicationSupportsIndirectInputEvents = YES;
				INFOPLIST_KEY_UILaunchScreen_Generation = YES;
				INFOPLIST_KEY_UISupportedInterfaceOrientations_iPad = "UIInterfaceOrientationPortrait UIInterfaceOrientationPortraitUpsideDown UIInterfaceOrientationLandscapeLeft UIInterfaceOrientationLandscapeRight";
				INFOPLIST_KEY_UISupportedInterfaceOrientations_iPhone = "UIInterfaceOrientationPortrait UIInterfaceOrientationLandscapeLeft UIInterfaceOrientationLandscapeRight";
				LD_RUNPATH_SEARCH_PATHS = (
					"$(inherited)",
					"@executable_path/Frameworks",
				);
				MARKETING_VERSION = 1.0;
				PRODUCT_BUNDLE_IDENTIFIER = com.shohiiiiiii.HundredsKnockForSwiftUI;
				PRODUCT_NAME = "$(TARGET_NAME)";
				SWIFT_EMIT_LOC_STRINGS = YES;
				SWIFT_VERSION = 5.0;
				TARGETED_DEVICE_FAMILY = "1,2";
			};
			name = Debug;
		};
		5D8C268929F41B64004955D0 /* Release */ = {
			isa = XCBuildConfiguration;
			buildSettings = {
				ASSETCATALOG_COMPILER_APPICON_NAME = AppIcon;
				ASSETCATALOG_COMPILER_GLOBAL_ACCENT_COLOR_NAME = AccentColor;
				CODE_SIGN_STYLE = Automatic;
				CURRENT_PROJECT_VERSION = 1;
				DEVELOPMENT_ASSET_PATHS = "\"HundredsKnockForSwiftUI/Preview Content\"";
				DEVELOPMENT_TEAM = XP8M87ULF2;
				ENABLE_PREVIEWS = YES;
				GENERATE_INFOPLIST_FILE = YES;
				INFOPLIST_KEY_UIApplicationSceneManifest_Generation = YES;
				INFOPLIST_KEY_UIApplicationSupportsIndirectInputEvents = YES;
				INFOPLIST_KEY_UILaunchScreen_Generation = YES;
				INFOPLIST_KEY_UISupportedInterfaceOrientations_iPad = "UIInterfaceOrientationPortrait UIInterfaceOrientationPortraitUpsideDown UIInterfaceOrientationLandscapeLeft UIInterfaceOrientationLandscapeRight";
				INFOPLIST_KEY_UISupportedInterfaceOrientations_iPhone = "UIInterfaceOrientationPortrait UIInterfaceOrientationLandscapeLeft UIInterfaceOrientationLandscapeRight";
				LD_RUNPATH_SEARCH_PATHS = (
					"$(inherited)",
					"@executable_path/Frameworks",
				);
				MARKETING_VERSION = 1.0;
				PRODUCT_BUNDLE_IDENTIFIER = com.shohiiiiiii.HundredsKnockForSwiftUI;
				PRODUCT_NAME = "$(TARGET_NAME)";
				SWIFT_EMIT_LOC_STRINGS = YES;
				SWIFT_VERSION = 5.0;
				TARGETED_DEVICE_FAMILY = "1,2";
			};
			name = Release;
		};
		5D8C268B29F41B64004955D0 /* Debug */ = {
			isa = XCBuildConfiguration;
			buildSettings = {
				ALWAYS_EMBED_SWIFT_STANDARD_LIBRARIES = YES;
				BUNDLE_LOADER = "$(TEST_HOST)";
				CODE_SIGN_STYLE = Automatic;
				CURRENT_PROJECT_VERSION = 1;
				DEVELOPMENT_TEAM = XP8M87ULF2;
				GENERATE_INFOPLIST_FILE = YES;
				IPHONEOS_DEPLOYMENT_TARGET = 16.0;
				MARKETING_VERSION = 1.0;
				PRODUCT_BUNDLE_IDENTIFIER = com.shohiiiiiii.HundredsKnockForSwiftUITests;
				PRODUCT_NAME = "$(TARGET_NAME)";
				SWIFT_EMIT_LOC_STRINGS = NO;
				SWIFT_VERSION = 5.0;
				TARGETED_DEVICE_FAMILY = "1,2";
				TEST_HOST = "$(BUILT_PRODUCTS_DIR)/HundredsKnockForSwiftUI.app/$(BUNDLE_EXECUTABLE_FOLDER_PATH)/HundredsKnockForSwiftUI";
			};
			name = Debug;
		};
		5D8C268C29F41B64004955D0 /* Release */ = {
			isa = XCBuildConfiguration;
			buildSettings = {
				ALWAYS_EMBED_SWIFT_STANDARD_LIBRARIES = YES;
				BUNDLE_LOADER = "$(TEST_HOST)";
				CODE_SIGN_STYLE = Automatic;
				CURRENT_PROJECT_VERSION = 1;
				DEVELOPMENT_TEAM = XP8M87ULF2;
				GENERATE_INFOPLIST_FILE = YES;
				IPHONEOS_DEPLOYMENT_TARGET = 16.0;
				MARKETING_VERSION = 1.0;
				PRODUCT_BUNDLE_IDENTIFIER = com.shohiiiiiii.HundredsKnockForSwiftUITests;
				PRODUCT_NAME = "$(TARGET_NAME)";
				SWIFT_EMIT_LOC_STRINGS = NO;
				SWIFT_VERSION = 5.0;
				TARGETED_DEVICE_FAMILY = "1,2";
				TEST_HOST = "$(BUILT_PRODUCTS_DIR)/HundredsKnockForSwiftUI.app/$(BUNDLE_EXECUTABLE_FOLDER_PATH)/HundredsKnockForSwiftUI";
			};
			name = Release;
		};
		5D8C268E29F41B64004955D0 /* Debug */ = {
			isa = XCBuildConfiguration;
			buildSettings = {
				ALWAYS_EMBED_SWIFT_STANDARD_LIBRARIES = YES;
				CODE_SIGN_STYLE = Automatic;
				CURRENT_PROJECT_VERSION = 1;
				DEVELOPMENT_TEAM = XP8M87ULF2;
				GENERATE_INFOPLIST_FILE = YES;
				MARKETING_VERSION = 1.0;
				PRODUCT_BUNDLE_IDENTIFIER = com.shohiiiiiii.HundredsKnockForSwiftUIUITests;
				PRODUCT_NAME = "$(TARGET_NAME)";
				SWIFT_EMIT_LOC_STRINGS = NO;
				SWIFT_VERSION = 5.0;
				TARGETED_DEVICE_FAMILY = "1,2";
				TEST_TARGET_NAME = HundredsKnockForSwiftUI;
			};
			name = Debug;
		};
		5D8C268F29F41B64004955D0 /* Release */ = {
			isa = XCBuildConfiguration;
			buildSettings = {
				ALWAYS_EMBED_SWIFT_STANDARD_LIBRARIES = YES;
				CODE_SIGN_STYLE = Automatic;
				CURRENT_PROJECT_VERSION = 1;
				DEVELOPMENT_TEAM = XP8M87ULF2;
				GENERATE_INFOPLIST_FILE = YES;
				MARKETING_VERSION = 1.0;
				PRODUCT_BUNDLE_IDENTIFIER = com.shohiiiiiii.HundredsKnockForSwiftUIUITests;
				PRODUCT_NAME = "$(TARGET_NAME)";
				SWIFT_EMIT_LOC_STRINGS = NO;
				SWIFT_VERSION = 5.0;
				TARGETED_DEVICE_FAMILY = "1,2";
				TEST_TARGET_NAME = HundredsKnockForSwiftUI;
			};
			name = Release;
		};
/* End XCBuildConfiguration section */

/* Begin XCConfigurationList section */
		5D8C265E29F41B62004955D0 /* Build configuration list for PBXProject "HundredsKnockForSwiftUI" */ = {
			isa = XCConfigurationList;
			buildConfigurations = (
				5D8C268529F41B64004955D0 /* Debug */,
				5D8C268629F41B64004955D0 /* Release */,
			);
			defaultConfigurationIsVisible = 0;
			defaultConfigurationName = Release;
		};
		5D8C268729F41B64004955D0 /* Build configuration list for PBXNativeTarget "HundredsKnockForSwiftUI" */ = {
			isa = XCConfigurationList;
			buildConfigurations = (
				5D8C268829F41B64004955D0 /* Debug */,
				5D8C268929F41B64004955D0 /* Release */,
			);
			defaultConfigurationIsVisible = 0;
			defaultConfigurationName = Release;
		};
		5D8C268A29F41B64004955D0 /* Build configuration list for PBXNativeTarget "HundredsKnockForSwiftUITests" */ = {
			isa = XCConfigurationList;
			buildConfigurations = (
				5D8C268B29F41B64004955D0 /* Debug */,
				5D8C268C29F41B64004955D0 /* Release */,
			);
			defaultConfigurationIsVisible = 0;
			defaultConfigurationName = Release;
		};
		5D8C268D29F41B64004955D0 /* Build configuration list for PBXNativeTarget "HundredsKnockForSwiftUIUITests" */ = {
			isa = XCConfigurationList;
			buildConfigurations = (
				5D8C268E29F41B64004955D0 /* Debug */,
				5D8C268F29F41B64004955D0 /* Release */,
			);
			defaultConfigurationIsVisible = 0;
			defaultConfigurationName = Release;
		};
/* End XCConfigurationList section */
	};
	rootObject = 5D8C265B29F41B62004955D0 /* Project object */;
}
